// !$*UTF8*$!
{
	archiveVersion = 1;
	classes = {
	};
	objectVersion = 56;
	objects = {

/* Begin PBXBuildFile section */
		364055A029CF926C00FEA9B0 /* TabsCoordinatorView.swift in Sources */ = {isa = PBXBuildFile; fileRef = 3640559F29CF926C00FEA9B0 /* TabsCoordinatorView.swift */; };
		364055A229D0E47B00FEA9B0 /* FeedViewModel.swift in Sources */ = {isa = PBXBuildFile; fileRef = 364055A129D0E47B00FEA9B0 /* FeedViewModel.swift */; };
		364055A429D2312600FEA9B0 /* PostsModel.swift in Sources */ = {isa = PBXBuildFile; fileRef = 364055A329D2312600FEA9B0 /* PostsModel.swift */; };
		3646DB8029C8A86A000ED5E3 /* FoodSocialMediaApp.swift in Sources */ = {isa = PBXBuildFile; fileRef = 3646DB7F29C8A86A000ED5E3 /* FoodSocialMediaApp.swift */; };
		3646DB8229C8A86A000ED5E3 /* ContentView.swift in Sources */ = {isa = PBXBuildFile; fileRef = 3646DB8129C8A86A000ED5E3 /* ContentView.swift */; };
		3646DB8429C8A86C000ED5E3 /* Assets.xcassets in Resources */ = {isa = PBXBuildFile; fileRef = 3646DB8329C8A86C000ED5E3 /* Assets.xcassets */; };
		3646DB8729C8A86C000ED5E3 /* Preview Assets.xcassets in Resources */ = {isa = PBXBuildFile; fileRef = 3646DB8629C8A86C000ED5E3 /* Preview Assets.xcassets */; };
		3646DB8F29C8AE23000ED5E3 /* LoginView.swift in Sources */ = {isa = PBXBuildFile; fileRef = 3646DB8E29C8AE23000ED5E3 /* LoginView.swift */; };
		3646DB9329C8AFD5000ED5E3 /* Color+Extension.swift in Sources */ = {isa = PBXBuildFile; fileRef = 3646DB9229C8AFD5000ED5E3 /* Color+Extension.swift */; };
		3646DB9629C9B216000ED5E3 /* LoginCredentialsView.swift in Sources */ = {isa = PBXBuildFile; fileRef = 3646DB9529C9B216000ED5E3 /* LoginCredentialsView.swift */; };
		3646DB9929C9B24C000ED5E3 /* LoginViewModel.swift in Sources */ = {isa = PBXBuildFile; fileRef = 3646DB9829C9B24C000ED5E3 /* LoginViewModel.swift */; };
		3646DB9B29C9BF0F000ED5E3 /* LoginCredentialField.swift in Sources */ = {isa = PBXBuildFile; fileRef = 3646DB9A29C9BF0F000ED5E3 /* LoginCredentialField.swift */; };
		3646DB9F29CB3FA9000ED5E3 /* AppCoordinator.swift in Sources */ = {isa = PBXBuildFile; fileRef = 3646DB9E29CB3FA9000ED5E3 /* AppCoordinator.swift */; };
		3646DBA129CB9C47000ED5E3 /* Coordinator.swift in Sources */ = {isa = PBXBuildFile; fileRef = 3646DBA029CB9C47000ED5E3 /* Coordinator.swift */; };
		3646DBA329CD1193000ED5E3 /* Endpoint.swift in Sources */ = {isa = PBXBuildFile; fileRef = 3646DBA229CD1193000ED5E3 /* Endpoint.swift */; };
		3646DBA529CD122D000ED5E3 /* RequestError.swift in Sources */ = {isa = PBXBuildFile; fileRef = 3646DBA429CD122D000ED5E3 /* RequestError.swift */; };
		3646DBA729CD146F000ED5E3 /* RequestDelegate.swift in Sources */ = {isa = PBXBuildFile; fileRef = 3646DBA629CD146F000ED5E3 /* RequestDelegate.swift */; };
		3646DBA929CD15EF000ED5E3 /* HTTPMethods.swift in Sources */ = {isa = PBXBuildFile; fileRef = 3646DBA829CD15EF000ED5E3 /* HTTPMethods.swift */; };
		3646DBAE29CD20AC000ED5E3 /* UserModel.swift in Sources */ = {isa = PBXBuildFile; fileRef = 3646DBAD29CD20AC000ED5E3 /* UserModel.swift */; };
		3646DBB029CD355D000ED5E3 /* KeyboardAdaptive+Extension.swift in Sources */ = {isa = PBXBuildFile; fileRef = 3646DBAF29CD355D000ED5E3 /* KeyboardAdaptive+Extension.swift */; };
		3646DBB429CDE9CC000ED5E3 /* LoginCoordinator.swift in Sources */ = {isa = PBXBuildFile; fileRef = 3646DBB329CDE9CC000ED5E3 /* LoginCoordinator.swift */; };
		3646DBB629CE1178000ED5E3 /* MainCoordinator.swift in Sources */ = {isa = PBXBuildFile; fileRef = 3646DBB529CE1178000ED5E3 /* MainCoordinator.swift */; };
		3646DBB829CE1219000ED5E3 /* MainCoordinatorView.swift in Sources */ = {isa = PBXBuildFile; fileRef = 3646DBB729CE1219000ED5E3 /* MainCoordinatorView.swift */; };
		3646DBBA29CE198B000ED5E3 /* FeedListView.swift in Sources */ = {isa = PBXBuildFile; fileRef = 3646DBB929CE198B000ED5E3 /* FeedListView.swift */; };
		3646DBBC29CE1CE3000ED5E3 /* CustomNavigationBar.swift in Sources */ = {isa = PBXBuildFile; fileRef = 3646DBBB29CE1CE3000ED5E3 /* CustomNavigationBar.swift */; };
		3646DBDE29CF2E65000ED5E3 /* CustomTabBar.swift in Sources */ = {isa = PBXBuildFile; fileRef = 3646DBDD29CF2E65000ED5E3 /* CustomTabBar.swift */; };
		3646DBE029CF2F69000ED5E3 /* TabBarButton.swift in Sources */ = {isa = PBXBuildFile; fileRef = 3646DBDF29CF2F69000ED5E3 /* TabBarButton.swift */; };
		3646DBE229CF3165000ED5E3 /* TabBarIndicator.swift in Sources */ = {isa = PBXBuildFile; fileRef = 3646DBE129CF3165000ED5E3 /* TabBarIndicator.swift */; };
		3646DBE829CF645B000ED5E3 /* PlaceholderView.swift in Sources */ = {isa = PBXBuildFile; fileRef = 3646DBE729CF645B000ED5E3 /* PlaceholderView.swift */; };
		3646DBEA29CF6DC1000ED5E3 /* TabsCoordinator.swift in Sources */ = {isa = PBXBuildFile; fileRef = 3646DBE929CF6DC1000ED5E3 /* TabsCoordinator.swift */; };
		3647A5E829D2E81A007DB112 /* SingleImageLayout.swift in Sources */ = {isa = PBXBuildFile; fileRef = 3647A5E729D2E81A007DB112 /* SingleImageLayout.swift */; };
		3647A5EA29D2E84A007DB112 /* DoubleImagesLayout.swift in Sources */ = {isa = PBXBuildFile; fileRef = 3647A5E929D2E84A007DB112 /* DoubleImagesLayout.swift */; };
		3647A5EC29D2E866007DB112 /* ThreeImagesLayout.swift in Sources */ = {isa = PBXBuildFile; fileRef = 3647A5EB29D2E866007DB112 /* ThreeImagesLayout.swift */; };
		3647A5EE29D2E8A2007DB112 /* FourImagesLayout.swift in Sources */ = {isa = PBXBuildFile; fileRef = 3647A5ED29D2E8A2007DB112 /* FourImagesLayout.swift */; };
		3647A5F029D2E908007DB112 /* ImagesPreview.swift in Sources */ = {isa = PBXBuildFile; fileRef = 3647A5EF29D2E908007DB112 /* ImagesPreview.swift */; };
		3647A5F229D2F7F9007DB112 /* SearchViewModel.swift in Sources */ = {isa = PBXBuildFile; fileRef = 3647A5F129D2F7F9007DB112 /* SearchViewModel.swift */; };
		3647A5F429D2F9B0007DB112 /* SearchingFieldView.swift in Sources */ = {isa = PBXBuildFile; fileRef = 3647A5F329D2F9B0007DB112 /* SearchingFieldView.swift */; };
		3647A5F629D305DB007DB112 /* SearchListView.swift in Sources */ = {isa = PBXBuildFile; fileRef = 3647A5F529D305DB007DB112 /* SearchListView.swift */; };
		3647A5F829D31613007DB112 /* ProfileView.swift in Sources */ = {isa = PBXBuildFile; fileRef = 3647A5F729D31613007DB112 /* ProfileView.swift */; };
		3647A5FA29D3168F007DB112 /* ProfileViewModel.swift in Sources */ = {isa = PBXBuildFile; fileRef = 3647A5F929D3168F007DB112 /* ProfileViewModel.swift */; };
		36EB679F29D2412F006B143A /* FeedCoordinatorView.swift in Sources */ = {isa = PBXBuildFile; fileRef = 36EB679E29D2412F006B143A /* FeedCoordinatorView.swift */; };
		36EB67C529D276AE006B143A /* APIServiceEndpoint.swift in Sources */ = {isa = PBXBuildFile; fileRef = 36EB67C429D276AE006B143A /* APIServiceEndpoint.swift */; };
		36EB67C729D27BC0006B143A /* LoaderView.swift in Sources */ = {isa = PBXBuildFile; fileRef = 36EB67C629D27BC0006B143A /* LoaderView.swift */; };
		36EB67C929D2A331006B143A /* FeedCoordinator.swift in Sources */ = {isa = PBXBuildFile; fileRef = 36EB67C829D2A331006B143A /* FeedCoordinator.swift */; };
		36EB67CB29D2A4F1006B143A /* Formatters.swift in Sources */ = {isa = PBXBuildFile; fileRef = 36EB67CA29D2A4F1006B143A /* Formatters.swift */; };
		36EB67CD29D2B0D2006B143A /* FeedListRow.swift in Sources */ = {isa = PBXBuildFile; fileRef = 36EB67CC29D2B0D2006B143A /* FeedListRow.swift */; };
/* End PBXBuildFile section */

/* Begin PBXFileReference section */
		3640559F29CF926C00FEA9B0 /* TabsCoordinatorView.swift */ = {isa = PBXFileReference; lastKnownFileType = sourcecode.swift; path = TabsCoordinatorView.swift; sourceTree = "<group>"; };
		364055A129D0E47B00FEA9B0 /* FeedViewModel.swift */ = {isa = PBXFileReference; lastKnownFileType = sourcecode.swift; path = FeedViewModel.swift; sourceTree = "<group>"; };
		364055A329D2312600FEA9B0 /* PostsModel.swift */ = {isa = PBXFileReference; lastKnownFileType = sourcecode.swift; path = PostsModel.swift; sourceTree = "<group>"; };
		3646DB7C29C8A86A000ED5E3 /* FoodSocialMedia.app */ = {isa = PBXFileReference; explicitFileType = wrapper.application; includeInIndex = 0; path = FoodSocialMedia.app; sourceTree = BUILT_PRODUCTS_DIR; };
		3646DB7F29C8A86A000ED5E3 /* FoodSocialMediaApp.swift */ = {isa = PBXFileReference; lastKnownFileType = sourcecode.swift; path = FoodSocialMediaApp.swift; sourceTree = "<group>"; };
		3646DB8129C8A86A000ED5E3 /* ContentView.swift */ = {isa = PBXFileReference; lastKnownFileType = sourcecode.swift; path = ContentView.swift; sourceTree = "<group>"; };
		3646DB8329C8A86C000ED5E3 /* Assets.xcassets */ = {isa = PBXFileReference; lastKnownFileType = folder.assetcatalog; path = Assets.xcassets; sourceTree = "<group>"; };
		3646DB8629C8A86C000ED5E3 /* Preview Assets.xcassets */ = {isa = PBXFileReference; lastKnownFileType = folder.assetcatalog; path = "Preview Assets.xcassets"; sourceTree = "<group>"; };
		3646DB8E29C8AE23000ED5E3 /* LoginView.swift */ = {isa = PBXFileReference; lastKnownFileType = sourcecode.swift; path = LoginView.swift; sourceTree = "<group>"; };
		3646DB9229C8AFD5000ED5E3 /* Color+Extension.swift */ = {isa = PBXFileReference; lastKnownFileType = sourcecode.swift; path = "Color+Extension.swift"; sourceTree = "<group>"; };
		3646DB9529C9B216000ED5E3 /* LoginCredentialsView.swift */ = {isa = PBXFileReference; lastKnownFileType = sourcecode.swift; path = LoginCredentialsView.swift; sourceTree = "<group>"; };
		3646DB9829C9B24C000ED5E3 /* LoginViewModel.swift */ = {isa = PBXFileReference; lastKnownFileType = sourcecode.swift; path = LoginViewModel.swift; sourceTree = "<group>"; };
		3646DB9A29C9BF0F000ED5E3 /* LoginCredentialField.swift */ = {isa = PBXFileReference; lastKnownFileType = sourcecode.swift; path = LoginCredentialField.swift; sourceTree = "<group>"; };
		3646DB9E29CB3FA9000ED5E3 /* AppCoordinator.swift */ = {isa = PBXFileReference; lastKnownFileType = sourcecode.swift; path = AppCoordinator.swift; sourceTree = "<group>"; };
		3646DBA029CB9C47000ED5E3 /* Coordinator.swift */ = {isa = PBXFileReference; lastKnownFileType = sourcecode.swift; path = Coordinator.swift; sourceTree = "<group>"; };
		3646DBA229CD1193000ED5E3 /* Endpoint.swift */ = {isa = PBXFileReference; lastKnownFileType = sourcecode.swift; path = Endpoint.swift; sourceTree = "<group>"; };
		3646DBA429CD122D000ED5E3 /* RequestError.swift */ = {isa = PBXFileReference; lastKnownFileType = sourcecode.swift; path = RequestError.swift; sourceTree = "<group>"; };
		3646DBA629CD146F000ED5E3 /* RequestDelegate.swift */ = {isa = PBXFileReference; lastKnownFileType = sourcecode.swift; path = RequestDelegate.swift; sourceTree = "<group>"; };
		3646DBA829CD15EF000ED5E3 /* HTTPMethods.swift */ = {isa = PBXFileReference; lastKnownFileType = sourcecode.swift; path = HTTPMethods.swift; sourceTree = "<group>"; };
		3646DBAD29CD20AC000ED5E3 /* UserModel.swift */ = {isa = PBXFileReference; lastKnownFileType = sourcecode.swift; path = UserModel.swift; sourceTree = "<group>"; };
		3646DBAF29CD355D000ED5E3 /* KeyboardAdaptive+Extension.swift */ = {isa = PBXFileReference; lastKnownFileType = sourcecode.swift; path = "KeyboardAdaptive+Extension.swift"; sourceTree = "<group>"; };
		3646DBB329CDE9CC000ED5E3 /* LoginCoordinator.swift */ = {isa = PBXFileReference; lastKnownFileType = sourcecode.swift; path = LoginCoordinator.swift; sourceTree = "<group>"; };
		3646DBB529CE1178000ED5E3 /* MainCoordinator.swift */ = {isa = PBXFileReference; lastKnownFileType = sourcecode.swift; path = MainCoordinator.swift; sourceTree = "<group>"; };
		3646DBB729CE1219000ED5E3 /* MainCoordinatorView.swift */ = {isa = PBXFileReference; lastKnownFileType = sourcecode.swift; path = MainCoordinatorView.swift; sourceTree = "<group>"; };
		3646DBB929CE198B000ED5E3 /* FeedListView.swift */ = {isa = PBXFileReference; lastKnownFileType = sourcecode.swift; path = FeedListView.swift; sourceTree = "<group>"; };
		3646DBBB29CE1CE3000ED5E3 /* CustomNavigationBar.swift */ = {isa = PBXFileReference; lastKnownFileType = sourcecode.swift; path = CustomNavigationBar.swift; sourceTree = "<group>"; };
		3646DBDD29CF2E65000ED5E3 /* CustomTabBar.swift */ = {isa = PBXFileReference; lastKnownFileType = sourcecode.swift; path = CustomTabBar.swift; sourceTree = "<group>"; };
		3646DBDF29CF2F69000ED5E3 /* TabBarButton.swift */ = {isa = PBXFileReference; lastKnownFileType = sourcecode.swift; path = TabBarButton.swift; sourceTree = "<group>"; };
		3646DBE129CF3165000ED5E3 /* TabBarIndicator.swift */ = {isa = PBXFileReference; lastKnownFileType = sourcecode.swift; path = TabBarIndicator.swift; sourceTree = "<group>"; };
		3646DBE729CF645B000ED5E3 /* PlaceholderView.swift */ = {isa = PBXFileReference; lastKnownFileType = sourcecode.swift; path = PlaceholderView.swift; sourceTree = "<group>"; };
		3646DBE929CF6DC1000ED5E3 /* TabsCoordinator.swift */ = {isa = PBXFileReference; lastKnownFileType = sourcecode.swift; path = TabsCoordinator.swift; sourceTree = "<group>"; };
		3647A5E729D2E81A007DB112 /* SingleImageLayout.swift */ = {isa = PBXFileReference; lastKnownFileType = sourcecode.swift; path = SingleImageLayout.swift; sourceTree = "<group>"; };
		3647A5E929D2E84A007DB112 /* DoubleImagesLayout.swift */ = {isa = PBXFileReference; lastKnownFileType = sourcecode.swift; path = DoubleImagesLayout.swift; sourceTree = "<group>"; };
		3647A5EB29D2E866007DB112 /* ThreeImagesLayout.swift */ = {isa = PBXFileReference; lastKnownFileType = sourcecode.swift; path = ThreeImagesLayout.swift; sourceTree = "<group>"; };
		3647A5ED29D2E8A2007DB112 /* FourImagesLayout.swift */ = {isa = PBXFileReference; lastKnownFileType = sourcecode.swift; path = FourImagesLayout.swift; sourceTree = "<group>"; };
		3647A5EF29D2E908007DB112 /* ImagesPreview.swift */ = {isa = PBXFileReference; lastKnownFileType = sourcecode.swift; path = ImagesPreview.swift; sourceTree = "<group>"; };
		3647A5F129D2F7F9007DB112 /* SearchViewModel.swift */ = {isa = PBXFileReference; lastKnownFileType = sourcecode.swift; path = SearchViewModel.swift; sourceTree = "<group>"; };
		3647A5F329D2F9B0007DB112 /* SearchingFieldView.swift */ = {isa = PBXFileReference; lastKnownFileType = sourcecode.swift; path = SearchingFieldView.swift; sourceTree = "<group>"; };
		3647A5F529D305DB007DB112 /* SearchListView.swift */ = {isa = PBXFileReference; lastKnownFileType = sourcecode.swift; path = SearchListView.swift; sourceTree = "<group>"; };
		3647A5F729D31613007DB112 /* ProfileView.swift */ = {isa = PBXFileReference; lastKnownFileType = sourcecode.swift; path = ProfileView.swift; sourceTree = "<group>"; };
		3647A5F929D3168F007DB112 /* ProfileViewModel.swift */ = {isa = PBXFileReference; lastKnownFileType = sourcecode.swift; path = ProfileViewModel.swift; sourceTree = "<group>"; };
		36EB679E29D2412F006B143A /* FeedCoordinatorView.swift */ = {isa = PBXFileReference; lastKnownFileType = sourcecode.swift; path = FeedCoordinatorView.swift; sourceTree = "<group>"; };
		36EB67C429D276AE006B143A /* APIServiceEndpoint.swift */ = {isa = PBXFileReference; lastKnownFileType = sourcecode.swift; path = APIServiceEndpoint.swift; sourceTree = "<group>"; };
		36EB67C629D27BC0006B143A /* LoaderView.swift */ = {isa = PBXFileReference; lastKnownFileType = sourcecode.swift; path = LoaderView.swift; sourceTree = "<group>"; };
		36EB67C829D2A331006B143A /* FeedCoordinator.swift */ = {isa = PBXFileReference; lastKnownFileType = sourcecode.swift; path = FeedCoordinator.swift; sourceTree = "<group>"; };
		36EB67CA29D2A4F1006B143A /* Formatters.swift */ = {isa = PBXFileReference; lastKnownFileType = sourcecode.swift; path = Formatters.swift; sourceTree = "<group>"; };
		36EB67CC29D2B0D2006B143A /* FeedListRow.swift */ = {isa = PBXFileReference; lastKnownFileType = sourcecode.swift; path = FeedListRow.swift; sourceTree = "<group>"; };
/* End PBXFileReference section */

/* Begin PBXFrameworksBuildPhase section */
		3646DB7929C8A86A000ED5E3 /* Frameworks */ = {
			isa = PBXFrameworksBuildPhase;
			buildActionMask = 2147483647;
			files = (
			);
			runOnlyForDeploymentPostprocessing = 0;
		};
/* End PBXFrameworksBuildPhase section */

/* Begin PBXGroup section */
		3640559E29CF923A00FEA9B0 /* CoordinatorView */ = {
			isa = PBXGroup;
			children = (
				3646DBB729CE1219000ED5E3 /* MainCoordinatorView.swift */,
				3640559F29CF926C00FEA9B0 /* TabsCoordinatorView.swift */,
				36EB679E29D2412F006B143A /* FeedCoordinatorView.swift */,
			);
			path = CoordinatorView;
			sourceTree = "<group>";
		};
		3646DB7329C8A86A000ED5E3 = {
			isa = PBXGroup;
			children = (
				3646DB7E29C8A86A000ED5E3 /* FoodSocislMedia */,
				3646DB7D29C8A86A000ED5E3 /* Products */,
			);
			sourceTree = "<group>";
		};
		3646DB7D29C8A86A000ED5E3 /* Products */ = {
			isa = PBXGroup;
			children = (
				3646DB7C29C8A86A000ED5E3 /* FoodSocialMedia.app */,
			);
			name = Products;
			sourceTree = "<group>";
		};
		3646DB7E29C8A86A000ED5E3 /* FoodSocislMedia */ = {
			isa = PBXGroup;
			children = (
				3646DB7F29C8A86A000ED5E3 /* FoodSocialMediaApp.swift */,
				3646DB8129C8A86A000ED5E3 /* ContentView.swift */,
				3646DB9D29CB3F95000ED5E3 /* Coordinators */,
				3640559E29CF923A00FEA9B0 /* CoordinatorView */,
				3646DB8D29C8A9DE000ED5E3 /* View */,
				3646DBDB29CF2E2C000ED5E3 /* CustomView */,
				3646DB9429C9B1B5000ED5E3 /* Subviews */,
				3646DB9729C9B227000ED5E3 /* ViewModel */,
				3646DBAA29CD208D000ED5E3 /* Model */,
				3646DB9C29CB3AFF000ED5E3 /* Networking */,
				3646DB9029C8AF9F000ED5E3 /* Utilities */,
				3646DB8329C8A86C000ED5E3 /* Assets.xcassets */,
				3646DB8529C8A86C000ED5E3 /* Preview Content */,
			);
			path = FoodSocislMedia;
			sourceTree = "<group>";
		};
		3646DB8529C8A86C000ED5E3 /* Preview Content */ = {
			isa = PBXGroup;
			children = (
				3646DB8629C8A86C000ED5E3 /* Preview Assets.xcassets */,
			);
			path = "Preview Content";
			sourceTree = "<group>";
		};
		3646DB8D29C8A9DE000ED5E3 /* View */ = {
			isa = PBXGroup;
			children = (
				3646DB8E29C8AE23000ED5E3 /* LoginView.swift */,
				3646DBB929CE198B000ED5E3 /* FeedListView.swift */,
				3646DBE729CF645B000ED5E3 /* PlaceholderView.swift */,
				3647A5F329D2F9B0007DB112 /* SearchingFieldView.swift */,
				3647A5F529D305DB007DB112 /* SearchListView.swift */,
				3647A5F729D31613007DB112 /* ProfileView.swift */,
			);
			path = View;
			sourceTree = "<group>";
		};
		3646DB9029C8AF9F000ED5E3 /* Utilities */ = {
			isa = PBXGroup;
			children = (
				36EB67CA29D2A4F1006B143A /* Formatters.swift */,
				3646DB9129C8AFC1000ED5E3 /* Extensions */,
			);
			path = Utilities;
			sourceTree = "<group>";
		};
		3646DB9129C8AFC1000ED5E3 /* Extensions */ = {
			isa = PBXGroup;
			children = (
				3646DB9229C8AFD5000ED5E3 /* Color+Extension.swift */,
				3646DBAF29CD355D000ED5E3 /* KeyboardAdaptive+Extension.swift */,
			);
			path = Extensions;
			sourceTree = "<group>";
		};
		3646DB9429C9B1B5000ED5E3 /* Subviews */ = {
			isa = PBXGroup;
			children = (
				3646DB9529C9B216000ED5E3 /* LoginCredentialsView.swift */,
				3646DB9A29C9BF0F000ED5E3 /* LoginCredentialField.swift */,
				36EB67C629D27BC0006B143A /* LoaderView.swift */,
				36EB67CC29D2B0D2006B143A /* FeedListRow.swift */,
				3647A5EF29D2E908007DB112 /* ImagesPreview.swift */,
				3647A5E629D2E807007DB112 /* ImageLayouts */,
			);
			path = Subviews;
			sourceTree = "<group>";
		};
		3646DB9729C9B227000ED5E3 /* ViewModel */ = {
			isa = PBXGroup;
			children = (
				3646DB9829C9B24C000ED5E3 /* LoginViewModel.swift */,
				364055A129D0E47B00FEA9B0 /* FeedViewModel.swift */,
				3647A5F129D2F7F9007DB112 /* SearchViewModel.swift */,
				3647A5F929D3168F007DB112 /* ProfileViewModel.swift */,
			);
			path = ViewModel;
			sourceTree = "<group>";
		};
		3646DB9C29CB3AFF000ED5E3 /* Networking */ = {
			isa = PBXGroup;
			children = (
				3646DBA229CD1193000ED5E3 /* Endpoint.swift */,
				3646DBA829CD15EF000ED5E3 /* HTTPMethods.swift */,
				3646DBA429CD122D000ED5E3 /* RequestError.swift */,
				3646DBA629CD146F000ED5E3 /* RequestDelegate.swift */,
				36EB67C429D276AE006B143A /* APIServiceEndpoint.swift */,
			);
			path = Networking;
			sourceTree = "<group>";
		};
		3646DB9D29CB3F95000ED5E3 /* Coordinators */ = {
			isa = PBXGroup;
			children = (
				3646DBA029CB9C47000ED5E3 /* Coordinator.swift */,
				3646DB9E29CB3FA9000ED5E3 /* AppCoordinator.swift */,
				3646DBB329CDE9CC000ED5E3 /* LoginCoordinator.swift */,
				3646DBB529CE1178000ED5E3 /* MainCoordinator.swift */,
				3646DBE929CF6DC1000ED5E3 /* TabsCoordinator.swift */,
				36EB67C829D2A331006B143A /* FeedCoordinator.swift */,
			);
			path = Coordinators;
			sourceTree = "<group>";
		};
		3646DBAA29CD208D000ED5E3 /* Model */ = {
			isa = PBXGroup;
			children = (
				3646DBAD29CD20AC000ED5E3 /* UserModel.swift */,
				364055A329D2312600FEA9B0 /* PostsModel.swift */,
			);
			path = Model;
			sourceTree = "<group>";
		};
		3646DBDB29CF2E2C000ED5E3 /* CustomView */ = {
			isa = PBXGroup;
			children = (
				3646DBBB29CE1CE3000ED5E3 /* CustomNavigationBar.swift */,
				3646DBDC29CF2E44000ED5E3 /* CustomTabBar */,
			);
			path = CustomView;
			sourceTree = "<group>";
		};
		3646DBDC29CF2E44000ED5E3 /* CustomTabBar */ = {
			isa = PBXGroup;
			children = (
				3646DBDD29CF2E65000ED5E3 /* CustomTabBar.swift */,
				3646DBDF29CF2F69000ED5E3 /* TabBarButton.swift */,
				3646DBE129CF3165000ED5E3 /* TabBarIndicator.swift */,
			);
			path = CustomTabBar;
			sourceTree = "<group>";
		};
		3647A5E629D2E807007DB112 /* ImageLayouts */ = {
			isa = PBXGroup;
			children = (
				3647A5E729D2E81A007DB112 /* SingleImageLayout.swift */,
				3647A5E929D2E84A007DB112 /* DoubleImagesLayout.swift */,
				3647A5EB29D2E866007DB112 /* ThreeImagesLayout.swift */,
				3647A5ED29D2E8A2007DB112 /* FourImagesLayout.swift */,
			);
			path = ImageLayouts;
			sourceTree = "<group>";
		};
/* End PBXGroup section */

/* Begin PBXNativeTarget section */
		3646DB7B29C8A86A000ED5E3 /* FoodSocialMedia */ = {
			isa = PBXNativeTarget;
			buildConfigurationList = 3646DB8A29C8A86C000ED5E3 /* Build configuration list for PBXNativeTarget "FoodSocialMedia" */;
			buildPhases = (
				3646DB7829C8A86A000ED5E3 /* Sources */,
				3646DB7929C8A86A000ED5E3 /* Frameworks */,
				3646DB7A29C8A86A000ED5E3 /* Resources */,
			);
			buildRules = (
			);
			dependencies = (
			);
			name = FoodSocialMedia;
			productName = FoodSocislMedia;
			productReference = 3646DB7C29C8A86A000ED5E3 /* FoodSocialMedia.app */;
			productType = "com.apple.product-type.application";
		};
/* End PBXNativeTarget section */

/* Begin PBXProject section */
		3646DB7429C8A86A000ED5E3 /* Project object */ = {
			isa = PBXProject;
			attributes = {
				BuildIndependentTargetsInParallel = 1;
				LastSwiftUpdateCheck = 1420;
				LastUpgradeCheck = 1420;
				TargetAttributes = {
					3646DB7B29C8A86A000ED5E3 = {
						CreatedOnToolsVersion = 14.2;
					};
				};
			};
			buildConfigurationList = 3646DB7729C8A86A000ED5E3 /* Build configuration list for PBXProject "FoodSocialMedia" */;
			compatibilityVersion = "Xcode 14.0";
			developmentRegion = en;
			hasScannedForEncodings = 0;
			knownRegions = (
				en,
				Base,
			);
			mainGroup = 3646DB7329C8A86A000ED5E3;
			productRefGroup = 3646DB7D29C8A86A000ED5E3 /* Products */;
			projectDirPath = "";
			projectRoot = "";
			targets = (
				3646DB7B29C8A86A000ED5E3 /* FoodSocialMedia */,
			);
		};
/* End PBXProject section */

/* Begin PBXResourcesBuildPhase section */
		3646DB7A29C8A86A000ED5E3 /* Resources */ = {
			isa = PBXResourcesBuildPhase;
			buildActionMask = 2147483647;
			files = (
				3646DB8729C8A86C000ED5E3 /* Preview Assets.xcassets in Resources */,
				3646DB8429C8A86C000ED5E3 /* Assets.xcassets in Resources */,
			);
			runOnlyForDeploymentPostprocessing = 0;
		};
/* End PBXResourcesBuildPhase section */

/* Begin PBXSourcesBuildPhase section */
		3646DB7829C8A86A000ED5E3 /* Sources */ = {
			isa = PBXSourcesBuildPhase;
			buildActionMask = 2147483647;
			files = (
				3646DB9F29CB3FA9000ED5E3 /* AppCoordinator.swift in Sources */,
				3646DB8F29C8AE23000ED5E3 /* LoginView.swift in Sources */,
				3646DB9629C9B216000ED5E3 /* LoginCredentialsView.swift in Sources */,
				3646DBB629CE1178000ED5E3 /* MainCoordinator.swift in Sources */,
				3646DBBC29CE1CE3000ED5E3 /* CustomNavigationBar.swift in Sources */,
				364055A429D2312600FEA9B0 /* PostsModel.swift in Sources */,
				3647A5EA29D2E84A007DB112 /* DoubleImagesLayout.swift in Sources */,
				3646DBA529CD122D000ED5E3 /* RequestError.swift in Sources */,
				3646DBA729CD146F000ED5E3 /* RequestDelegate.swift in Sources */,
				36EB67C929D2A331006B143A /* FeedCoordinator.swift in Sources */,
				3646DB9929C9B24C000ED5E3 /* LoginViewModel.swift in Sources */,
				3647A5E829D2E81A007DB112 /* SingleImageLayout.swift in Sources */,
				3647A5F629D305DB007DB112 /* SearchListView.swift in Sources */,
				3647A5F829D31613007DB112 /* ProfileView.swift in Sources */,
				3646DBA929CD15EF000ED5E3 /* HTTPMethods.swift in Sources */,
				3646DBA329CD1193000ED5E3 /* Endpoint.swift in Sources */,
				3646DBAE29CD20AC000ED5E3 /* UserModel.swift in Sources */,
				3646DBB829CE1219000ED5E3 /* MainCoordinatorView.swift in Sources */,
				3647A5FA29D3168F007DB112 /* ProfileViewModel.swift in Sources */,
				3646DB8229C8A86A000ED5E3 /* ContentView.swift in Sources */,
				3647A5EE29D2E8A2007DB112 /* FourImagesLayout.swift in Sources */,
				3646DBE029CF2F69000ED5E3 /* TabBarButton.swift in Sources */,
				3646DBE829CF645B000ED5E3 /* PlaceholderView.swift in Sources */,
				3646DB9B29C9BF0F000ED5E3 /* LoginCredentialField.swift in Sources */,
				3647A5EC29D2E866007DB112 /* ThreeImagesLayout.swift in Sources */,
				36EB67C529D276AE006B143A /* APIServiceEndpoint.swift in Sources */,
				3646DB8029C8A86A000ED5E3 /* FoodSocialMediaApp.swift in Sources */,
				364055A229D0E47B00FEA9B0 /* FeedViewModel.swift in Sources */,
				3647A5F429D2F9B0007DB112 /* SearchingFieldView.swift in Sources */,
				3646DBB029CD355D000ED5E3 /* KeyboardAdaptive+Extension.swift in Sources */,
				3647A5F229D2F7F9007DB112 /* SearchViewModel.swift in Sources */,
				3646DBDE29CF2E65000ED5E3 /* CustomTabBar.swift in Sources */,
				3646DB9329C8AFD5000ED5E3 /* Color+Extension.swift in Sources */,
				3647A5F029D2E908007DB112 /* ImagesPreview.swift in Sources */,
				36EB67CB29D2A4F1006B143A /* Formatters.swift in Sources */,
				3646DBEA29CF6DC1000ED5E3 /* TabsCoordinator.swift in Sources */,
				3646DBB429CDE9CC000ED5E3 /* LoginCoordinator.swift in Sources */,
				36EB679F29D2412F006B143A /* FeedCoordinatorView.swift in Sources */,
				3646DBA129CB9C47000ED5E3 /* Coordinator.swift in Sources */,
				3646DBE229CF3165000ED5E3 /* TabBarIndicator.swift in Sources */,
				36EB67CD29D2B0D2006B143A /* FeedListRow.swift in Sources */,
				36EB67C729D27BC0006B143A /* LoaderView.swift in Sources */,
				364055A029CF926C00FEA9B0 /* TabsCoordinatorView.swift in Sources */,
				3646DBBA29CE198B000ED5E3 /* FeedListView.swift in Sources */,
			);
			runOnlyForDeploymentPostprocessing = 0;
		};
/* End PBXSourcesBuildPhase section */

/* Begin XCBuildConfiguration section */
		3646DB8829C8A86C000ED5E3 /* Debug */ = {
			isa = XCBuildConfiguration;
			buildSettings = {
				ALWAYS_SEARCH_USER_PATHS = NO;
				CLANG_ANALYZER_NONNULL = YES;
				CLANG_ANALYZER_NUMBER_OBJECT_CONVERSION = YES_AGGRESSIVE;
				CLANG_CXX_LANGUAGE_STANDARD = "gnu++20";
				CLANG_ENABLE_MODULES = YES;
				CLANG_ENABLE_OBJC_ARC = YES;
				CLANG_ENABLE_OBJC_WEAK = YES;
				CLANG_WARN_BLOCK_CAPTURE_AUTORELEASING = YES;
				CLANG_WARN_BOOL_CONVERSION = YES;
				CLANG_WARN_COMMA = YES;
				CLANG_WARN_CONSTANT_CONVERSION = YES;
				CLANG_WARN_DEPRECATED_OBJC_IMPLEMENTATIONS = YES;
				CLANG_WARN_DIRECT_OBJC_ISA_USAGE = YES_ERROR;
				CLANG_WARN_DOCUMENTATION_COMMENTS = YES;
				CLANG_WARN_EMPTY_BODY = YES;
				CLANG_WARN_ENUM_CONVERSION = YES;
				CLANG_WARN_INFINITE_RECURSION = YES;
				CLANG_WARN_INT_CONVERSION = YES;
				CLANG_WARN_NON_LITERAL_NULL_CONVERSION = YES;
				CLANG_WARN_OBJC_IMPLICIT_RETAIN_SELF = YES;
				CLANG_WARN_OBJC_LITERAL_CONVERSION = YES;
				CLANG_WARN_OBJC_ROOT_CLASS = YES_ERROR;
				CLANG_WARN_QUOTED_INCLUDE_IN_FRAMEWORK_HEADER = YES;
				CLANG_WARN_RANGE_LOOP_ANALYSIS = YES;
				CLANG_WARN_STRICT_PROTOTYPES = YES;
				CLANG_WARN_SUSPICIOUS_MOVE = YES;
				CLANG_WARN_UNGUARDED_AVAILABILITY = YES_AGGRESSIVE;
				CLANG_WARN_UNREACHABLE_CODE = YES;
				CLANG_WARN__DUPLICATE_METHOD_MATCH = YES;
				COPY_PHASE_STRIP = NO;
				DEBUG_INFORMATION_FORMAT = dwarf;
				ENABLE_STRICT_OBJC_MSGSEND = YES;
				ENABLE_TESTABILITY = YES;
				GCC_C_LANGUAGE_STANDARD = gnu11;
				GCC_DYNAMIC_NO_PIC = NO;
				GCC_NO_COMMON_BLOCKS = YES;
				GCC_OPTIMIZATION_LEVEL = 0;
				GCC_PREPROCESSOR_DEFINITIONS = (
					"DEBUG=1",
					"$(inherited)",
				);
				GCC_WARN_64_TO_32_BIT_CONVERSION = YES;
				GCC_WARN_ABOUT_RETURN_TYPE = YES_ERROR;
				GCC_WARN_UNDECLARED_SELECTOR = YES;
				GCC_WARN_UNINITIALIZED_AUTOS = YES_AGGRESSIVE;
				GCC_WARN_UNUSED_FUNCTION = YES;
				GCC_WARN_UNUSED_VARIABLE = YES;
				IPHONEOS_DEPLOYMENT_TARGET = 16.2;
				MTL_ENABLE_DEBUG_INFO = INCLUDE_SOURCE;
				MTL_FAST_MATH = YES;
				ONLY_ACTIVE_ARCH = YES;
				SDKROOT = iphoneos;
				SWIFT_ACTIVE_COMPILATION_CONDITIONS = DEBUG;
				SWIFT_OPTIMIZATION_LEVEL = "-Onone";
			};
			name = Debug;
		};
		3646DB8929C8A86C000ED5E3 /* Release */ = {
			isa = XCBuildConfiguration;
			buildSettings = {
				ALWAYS_SEARCH_USER_PATHS = NO;
				CLANG_ANALYZER_NONNULL = YES;
				CLANG_ANALYZER_NUMBER_OBJECT_CONVERSION = YES_AGGRESSIVE;
				CLANG_CXX_LANGUAGE_STANDARD = "gnu++20";
				CLANG_ENABLE_MODULES = YES;
				CLANG_ENABLE_OBJC_ARC = YES;
				CLANG_ENABLE_OBJC_WEAK = YES;
				CLANG_WARN_BLOCK_CAPTURE_AUTORELEASING = YES;
				CLANG_WARN_BOOL_CONVERSION = YES;
				CLANG_WARN_COMMA = YES;
				CLANG_WARN_CONSTANT_CONVERSION = YES;
				CLANG_WARN_DEPRECATED_OBJC_IMPLEMENTATIONS = YES;
				CLANG_WARN_DIRECT_OBJC_ISA_USAGE = YES_ERROR;
				CLANG_WARN_DOCUMENTATION_COMMENTS = YES;
				CLANG_WARN_EMPTY_BODY = YES;
				CLANG_WARN_ENUM_CONVERSION = YES;
				CLANG_WARN_INFINITE_RECURSION = YES;
				CLANG_WARN_INT_CONVERSION = YES;
				CLANG_WARN_NON_LITERAL_NULL_CONVERSION = YES;
				CLANG_WARN_OBJC_IMPLICIT_RETAIN_SELF = YES;
				CLANG_WARN_OBJC_LITERAL_CONVERSION = YES;
				CLANG_WARN_OBJC_ROOT_CLASS = YES_ERROR;
				CLANG_WARN_QUOTED_INCLUDE_IN_FRAMEWORK_HEADER = YES;
				CLANG_WARN_RANGE_LOOP_ANALYSIS = YES;
				CLANG_WARN_STRICT_PROTOTYPES = YES;
				CLANG_WARN_SUSPICIOUS_MOVE = YES;
				CLANG_WARN_UNGUARDED_AVAILABILITY = YES_AGGRESSIVE;
				CLANG_WARN_UNREACHABLE_CODE = YES;
				CLANG_WARN__DUPLICATE_METHOD_MATCH = YES;
				COPY_PHASE_STRIP = NO;
				DEBUG_INFORMATION_FORMAT = "dwarf-with-dsym";
				ENABLE_NS_ASSERTIONS = NO;
				ENABLE_STRICT_OBJC_MSGSEND = YES;
				GCC_C_LANGUAGE_STANDARD = gnu11;
				GCC_NO_COMMON_BLOCKS = YES;
				GCC_WARN_64_TO_32_BIT_CONVERSION = YES;
				GCC_WARN_ABOUT_RETURN_TYPE = YES_ERROR;
				GCC_WARN_UNDECLARED_SELECTOR = YES;
				GCC_WARN_UNINITIALIZED_AUTOS = YES_AGGRESSIVE;
				GCC_WARN_UNUSED_FUNCTION = YES;
				GCC_WARN_UNUSED_VARIABLE = YES;
				IPHONEOS_DEPLOYMENT_TARGET = 16.2;
				MTL_ENABLE_DEBUG_INFO = NO;
				MTL_FAST_MATH = YES;
				SDKROOT = iphoneos;
				SWIFT_COMPILATION_MODE = wholemodule;
				SWIFT_OPTIMIZATION_LEVEL = "-O";
				VALIDATE_PRODUCT = YES;
			};
			name = Release;
		};
		3646DB8B29C8A86C000ED5E3 /* Debug */ = {
			isa = XCBuildConfiguration;
			buildSettings = {
				ASSETCATALOG_COMPILER_APPICON_NAME = AppIcon;
				ASSETCATALOG_COMPILER_GLOBAL_ACCENT_COLOR_NAME = AccentColor;
				CODE_SIGN_STYLE = Automatic;
				CURRENT_PROJECT_VERSION = 1;
				DEVELOPMENT_ASSET_PATHS = "\"FoodSocislMedia/Preview Content\"";
				DEVELOPMENT_TEAM = 5AU7B27Y55;
				ENABLE_PREVIEWS = YES;
				GENERATE_INFOPLIST_FILE = YES;
				INFOPLIST_KEY_UIApplicationSceneManifest_Generation = YES;
				INFOPLIST_KEY_UIApplicationSupportsIndirectInputEvents = YES;
				INFOPLIST_KEY_UILaunchScreen_Generation = YES;
				INFOPLIST_KEY_UISupportedInterfaceOrientations = UIInterfaceOrientationPortrait;
				IPHONEOS_DEPLOYMENT_TARGET = 15.0;
				LD_RUNPATH_SEARCH_PATHS = (
					"$(inherited)",
					"@executable_path/Frameworks",
				);
				MARKETING_VERSION = 1.0;
				PRODUCT_BUNDLE_IDENTIFIER = com.thedevils.FoodSocislMedia;
				PRODUCT_NAME = "$(TARGET_NAME)";
				SUPPORTED_PLATFORMS = "iphoneos iphonesimulator";
				SUPPORTS_MACCATALYST = NO;
				SUPPORTS_MAC_DESIGNED_FOR_IPHONE_IPAD = NO;
				SWIFT_EMIT_LOC_STRINGS = YES;
				SWIFT_VERSION = 5.0;
				TARGETED_DEVICE_FAMILY = 1;
			};
			name = Debug;
		};
		3646DB8C29C8A86C000ED5E3 /* Release */ = {
			isa = XCBuildConfiguration;
			buildSettings = {
				ASSETCATALOG_COMPILER_APPICON_NAME = AppIcon;
				ASSETCATALOG_COMPILER_GLOBAL_ACCENT_COLOR_NAME = AccentColor;
				CODE_SIGN_STYLE = Automatic;
				CURRENT_PROJECT_VERSION = 1;
				DEVELOPMENT_ASSET_PATHS = "\"FoodSocislMedia/Preview Content\"";
				DEVELOPMENT_TEAM = 5AU7B27Y55;
				ENABLE_PREVIEWS = YES;
				GENERATE_INFOPLIST_FILE = YES;
				INFOPLIST_KEY_UIApplicationSceneManifest_Generation = YES;
				INFOPLIST_KEY_UIApplicationSupportsIndirectInputEvents = YES;
				INFOPLIST_KEY_UILaunchScreen_Generation = YES;
				INFOPLIST_KEY_UISupportedInterfaceOrientations = UIInterfaceOrientationPortrait;
				IPHONEOS_DEPLOYMENT_TARGET = 15.0;
				LD_RUNPATH_SEARCH_PATHS = (
					"$(inherited)",
					"@executable_path/Frameworks",
				);
				MARKETING_VERSION = 1.0;
				PRODUCT_BUNDLE_IDENTIFIER = com.thedevils.FoodSocislMedia;
				PRODUCT_NAME = "$(TARGET_NAME)";
				SUPPORTED_PLATFORMS = "iphoneos iphonesimulator";
				SUPPORTS_MACCATALYST = NO;
				SUPPORTS_MAC_DESIGNED_FOR_IPHONE_IPAD = NO;
				SWIFT_EMIT_LOC_STRINGS = YES;
				SWIFT_VERSION = 5.0;
				TARGETED_DEVICE_FAMILY = 1;
			};
			name = Release;
		};
/* End XCBuildConfiguration section */

/* Begin XCConfigurationList section */
		3646DB7729C8A86A000ED5E3 /* Build configuration list for PBXProject "FoodSocialMedia" */ = {
			isa = XCConfigurationList;
			buildConfigurations = (
				3646DB8829C8A86C000ED5E3 /* Debug */,
				3646DB8929C8A86C000ED5E3 /* Release */,
			);
			defaultConfigurationIsVisible = 0;
			defaultConfigurationName = Release;
		};
		3646DB8A29C8A86C000ED5E3 /* Build configuration list for PBXNativeTarget "FoodSocialMedia" */ = {
			isa = XCConfigurationList;
			buildConfigurations = (
				3646DB8B29C8A86C000ED5E3 /* Debug */,
				3646DB8C29C8A86C000ED5E3 /* Release */,
			);
			defaultConfigurationIsVisible = 0;
			defaultConfigurationName = Release;
		};
/* End XCConfigurationList section */
	};
	rootObject = 3646DB7429C8A86A000ED5E3 /* Project object */;
}
